
Microsoft Visual Studio Solution File, Format Version 12.00
# Visual Studio Version 17
VisualStudioVersion = 17.4.33205.214
MinimumVisualStudioVersion = 10.0.40219.1
Project("{FAE04EC0-301F-11D3-BF4B-00C04F79EFBC}") = "TrackerWebApi", "TrackerWebApi\TrackerWebApi.csproj", "{3F4A7D30-C104-4E74-B9D9-0BBA9CD2A2E2}"
EndProject
Project("{FAE04EC0-301F-11D3-BF4B-00C04F79EFBC}") = "TrackerMvc", "TrackerMvc\TrackerMvc.csproj", "{6316A7E4-2C00-478A-B917-CF590E8C3A06}"
EndProject
Global
	GlobalSection(SolutionConfigurationPlatforms) = preSolution
		Debug|Any CPU = Debug|Any CPU
		Release|Any CPU = Release|Any CPU
	EndGlobalSection
	GlobalSection(ProjectConfigurationPlatforms) = postSolution
		{3F4A7D30-C104-4E74-B9D9-0BBA9CD2A2E2}.Debug|Any CPU.ActiveCfg = Debug|Any CPU
		{3F4A7D30-C104-4E74-B9D9-0BBA9CD2A2E2}.Debug|Any CPU.Build.0 = Debug|Any CPU
		{3F4A7D30-C104-4E74-B9D9-0BBA9CD2A2E2}.Release|Any CPU.ActiveCfg = Release|Any CPU
		{3F4A7D30-C104-4E74-B9D9-0BBA9CD2A2E2}.Release|Any CPU.Build.0 = Release|Any CPU
		{6316A7E4-2C00-478A-B917-CF590E8C3A06}.Debug|Any CPU.ActiveCfg = Debug|Any CPU
		{6316A7E4-2C00-478A-B917-CF590E8C3A06}.Debug|Any CPU.Build.0 = Debug|Any CPU
		{6316A7E4-2C00-478A-B917-CF590E8C3A06}.Release|Any CPU.ActiveCfg = Release|Any CPU
		{6316A7E4-2C00-478A-B917-CF590E8C3A06}.Release|Any CPU.Build.0 = Release|Any CPU
	EndGlobalSection
	GlobalSection(SolutionProperties) = preSolution
		HideSolutionNode = FALSE
	EndGlobalSection
	GlobalSection(ExtensibilityGlobals) = postSolution
		SolutionGuid = {80A72901-33F9-4A76-83D5-CE3EF4057876}
	EndGlobalSection
EndGlobal
